
Microsoft Visual Studio Solution File, Format Version 12.00
# Visual Studio Version 16
VisualStudioVersion = 16.0.30611.23
MinimumVisualStudioVersion = 10.0.40219.1
Project("{FAE04EC0-301F-11D3-BF4B-00C04F79EFBC}") = "Tannenbaum", "Tannenbaum.csproj", "{1F776A53-EEA1-4A1C-9F67-A244B0B2940F}"
EndProject
Global
	GlobalSection(SolutionConfigurationPlatforms) = preSolution
		Debug|Any CPU = Debug|Any CPU
		Release|Any CPU = Release|Any CPU
	EndGlobalSection
	GlobalSection(ProjectConfigurationPlatforms) = postSolution
		{1F776A53-EEA1-4A1C-9F67-A244B0B2940F}.Debug|Any CPU.ActiveCfg = Debug|Any CPU
		{1F776A53-EEA1-4A1C-9F67-A244B0B2940F}.Debug|Any CPU.Build.0 = Debug|Any CPU
		{1F776A53-EEA1-4A1C-9F67-A244B0B2940F}.Release|Any CPU.ActiveCfg = Release|Any CPU
		{1F776A53-EEA1-4A1C-9F67-A244B0B2940F}.Release|Any CPU.Build.0 = Release|Any CPU
	EndGlobalSection
	GlobalSection(SolutionProperties) = preSolution
		HideSolutionNode = FALSE
	EndGlobalSection
	GlobalSection(ExtensibilityGlobals) = postSolution
		SolutionGuid = {6C97CC25-5ABC-42E2-8CCA-5731F573127A}
	EndGlobalSection
EndGlobal
